
Microsoft Visual Studio Solution File, Format Version 12.00
# Visual Studio Version 16
VisualStudioVersion = 16.0.28803.916
MinimumVisualStudioVersion = 10.0.40219.1
Project("{FAE04EC0-301F-11D3-BF4B-00C04F79EFBC}") = "MySchool-Pro", "MySchool-Pro\MySchool-Pro.csproj", "{465D5489-B5BF-4CA6-97FC-52B8D769FA98}"
EndProject
Global
	GlobalSection(SolutionConfigurationPlatforms) = preSolution
		Debug|Any CPU = Debug|Any CPU
		Release|Any CPU = Release|Any CPU
	EndGlobalSection
	GlobalSection(ProjectConfigurationPlatforms) = postSolution
		{465D5489-B5BF-4CA6-97FC-52B8D769FA98}.Debug|Any CPU.ActiveCfg = Debug|Any CPU
		{465D5489-B5BF-4CA6-97FC-52B8D769FA98}.Debug|Any CPU.Build.0 = Debug|Any CPU
		{465D5489-B5BF-4CA6-97FC-52B8D769FA98}.Release|Any CPU.ActiveCfg = Release|Any CPU
		{465D5489-B5BF-4CA6-97FC-52B8D769FA98}.Release|Any CPU.Build.0 = Release|Any CPU
	EndGlobalSection
	GlobalSection(SolutionProperties) = preSolution
		HideSolutionNode = FALSE
	EndGlobalSection
	GlobalSection(ExtensibilityGlobals) = postSolution
		SolutionGuid = {4E07C619-40B1-4060-AEA4-3DF50AC4C3A2}
	EndGlobalSection
EndGlobal
